
Microsoft Visual Studio Solution File, Format Version 12.00
# Visual Studio 15
VisualStudioVersion = 15.0.27004.2005
MinimumVisualStudioVersion = 10.0.40219.1
Project("{FAE04EC0-301F-11D3-BF4B-00C04F79EFBC}") = "SeleniumGridTest", "SeleniumGridTest\SeleniumGridTest.csproj", "{1F811751-7F26-44A8-AAFF-9A38E1FD8D25}"
EndProject
Global
	GlobalSection(SolutionConfigurationPlatforms) = preSolution
		Debug|Any CPU = Debug|Any CPU
		Release|Any CPU = Release|Any CPU
	EndGlobalSection
	GlobalSection(ProjectConfigurationPlatforms) = postSolution
		{1F811751-7F26-44A8-AAFF-9A38E1FD8D25}.Debug|Any CPU.ActiveCfg = Debug|Any CPU
		{1F811751-7F26-44A8-AAFF-9A38E1FD8D25}.Debug|Any CPU.Build.0 = Debug|Any CPU
		{1F811751-7F26-44A8-AAFF-9A38E1FD8D25}.Release|Any CPU.ActiveCfg = Release|Any CPU
		{1F811751-7F26-44A8-AAFF-9A38E1FD8D25}.Release|Any CPU.Build.0 = Release|Any CPU
	EndGlobalSection
	GlobalSection(SolutionProperties) = preSolution
		HideSolutionNode = FALSE
	EndGlobalSection
	GlobalSection(ExtensibilityGlobals) = postSolution
		SolutionGuid = {41859184-5D96-4E1D-89FC-403AC68BD1AA}
	EndGlobalSection
EndGlobal
